<?xml version="1.0" encoding="utf-8"?>
<Project ToolsVersion="4.0" xmlns="http://schemas.microsoft.com/developer/msbuild/2003">
  <ItemGroup>
    <Filter Include="源文件">
      <UniqueIdentifier>{4FC737F1-C7A5-4376-A066-2A32D752A2FF}</UniqueIdentifier>
      <Extensions>cpp;c;cc;cxx;def;odl;idl;hpj;bat;asm;asmx</Extensions>
    </Filter>
    <Filter Include="头文件">
      <UniqueIdentifier>{93995380-89BD-4b04-88EB-625FBE52EBFB}</UniqueIdentifier>
      <Extensions>h;hh;hpp;hxx;hm;inl;inc;xsd</Extensions>
    </Filter>
    <Filter Include="资源文件">
      <UniqueIdentifier>{67DA6AB6-F800-4c08-8B7A-83BB121AAD01}</UniqueIdentifier>
      <Extensions>rc;ico;cur;bmp;dlg;rc2;rct;bin;rgs;gif;jpg;jpeg;jpe;resx;tiff;tif;png;wav;mfcribbon-ms</Extensions>
    </Filter>
  </ItemGroup>
  <ItemGroup>
    <ClInclude Include="MapGeneric.h">
      <Filter>头文件</Filter>
    </ClInclude>
    <ClInclude Include="MapTriple.h">
      <Filter>头文件</Filter>
    </ClInclude>
    <ClInclude Include="MapSquare.h">
      <Filter>头文件</Filter>
    </ClInclude>
    <ClInclude Include="MapAbsoluteValue .h">
      <Filter>头文件</Filter>
    </ClInclude>
    <ClInclude Include="FilterGeneric.h">
      <Filter>头文件</Filter>
    </ClInclude>
    <ClInclude Include="FilterOdd.h">
      <Filter>头文件</Filter>
    </ClInclude>
    <ClInclude Include="FilterNonPositive.h">
      <Filter>头文件</Filter>
    </ClInclude>
    <ClInclude Include="FilterForTwoDigitPositive.h">
      <Filter>头文件</Filter>
    </ClInclude>
    <ClInclude Include="ReduceGeneric.h">
      <Filter>头文件</Filter>
    </ClInclude>
    <ClInclude Include="ReduceMinimum .h">
      <Filter>头文件</Filter>
    </ClInclude>
    <ClInclude Include="ReduceGCD.h">
      <Filter>头文件</Filter>
    </ClInclude>
  </ItemGroup>
  <ItemGroup>
    <ClCompile Include="MapGeneric.cpp">
      <Filter>源文件</Filter>
    </ClCompile>
    <ClCompile Include="MapTriple.cpp">
      <Filter>源文件</Filter>
    </ClCompile>
    <ClCompile Include="main.cpp">
      <Filter>源文件</Filter>
    </ClCompile>
    <ClCompile Include="MapSquare.cpp">
      <Filter>源文件</Filter>
    </ClCompile>
    <ClCompile Include="MapAbsoluteValue .cpp">
      <Filter>源文件</Filter>
    </ClCompile>
    <ClCompile Include="FilterGeneric.cpp">
      <Filter>源文件</Filter>
    </ClCompile>
    <ClCompile Include="FilterOdd.cpp">
      <Filter>源文件</Filter>
    </ClCompile>
    <ClCompile Include="FilterNonPositive.cpp">
      <Filter>源文件</Filter>
    </ClCompile>
    <ClCompile Include="FilterForTwoDigitPositive.cpp">
      <Filter>源文件</Filter>
    </ClCompile>
    <ClCompile Include="ReduceGeneric.cpp">
      <Filter>源文件</Filter>
    </ClCompile>
    <ClCompile Include="ReduceMinimum .cpp">
      <Filter>源文件</Filter>
    </ClCompile>
    <ClCompile Include="ReduceGCD.cpp">
      <Filter>源文件</Filter>
    </ClCompile>
  </ItemGroup>
</Project>