
Microsoft Visual Studio Solution File, Format Version 12.00
# Visual Studio 14
VisualStudioVersion = 14.0.25420.1
MinimumVisualStudioVersion = 10.0.40219.1
Project("{8BC9CEB8-8B4A-11D0-8D11-00A0C91BC942}") = "partion", "partion\partion.vcxproj", "{43F67EA0-6530-4849-BA9B-BB7670AAED93}"
EndProject
Global
	GlobalSection(SolutionConfigurationPlatforms) = preSolution
		Debug|x64 = Debug|x64
		Debug|x86 = Debug|x86
		Release|x64 = Release|x64
		Release|x86 = Release|x86
	EndGlobalSection
	GlobalSection(ProjectConfigurationPlatforms) = postSolution
		{43F67EA0-6530-4849-BA9B-BB7670AAED93}.Debug|x64.ActiveCfg = Debug|x64
		{43F67EA0-6530-4849-BA9B-BB7670AAED93}.Debug|x64.Build.0 = Debug|x64
		{43F67EA0-6530-4849-BA9B-BB7670AAED93}.Debug|x86.ActiveCfg = Debug|Win32
		{43F67EA0-6530-4849-BA9B-BB7670AAED93}.Debug|x86.Build.0 = Debug|Win32
		{43F67EA0-6530-4849-BA9B-BB7670AAED93}.Release|x64.ActiveCfg = Release|x64
		{43F67EA0-6530-4849-BA9B-BB7670AAED93}.Release|x64.Build.0 = Release|x64
		{43F67EA0-6530-4849-BA9B-BB7670AAED93}.Release|x86.ActiveCfg = Release|Win32
		{43F67EA0-6530-4849-BA9B-BB7670AAED93}.Release|x86.Build.0 = Release|Win32
	EndGlobalSection
	GlobalSection(SolutionProperties) = preSolution
		HideSolutionNode = FALSE
	EndGlobalSection
EndGlobal
