
Microsoft Visual Studio Solution File, Format Version 12.00
# Visual Studio 15
VisualStudioVersion = 15.0.27428.2027
MinimumVisualStudioVersion = 10.0.40219.1
Project("{8BC9CEB8-8B4A-11D0-8D11-00A0C91BC942}") = "111", "111\111.vcxproj", "{2E74FF54-F222-41F1-BB50-E02341A975BB}"
EndProject
Global
	GlobalSection(SolutionConfigurationPlatforms) = preSolution
		Debug|x64 = Debug|x64
		Debug|x86 = Debug|x86
		Release|x64 = Release|x64
		Release|x86 = Release|x86
	EndGlobalSection
	GlobalSection(ProjectConfigurationPlatforms) = postSolution
		{2E74FF54-F222-41F1-BB50-E02341A975BB}.Debug|x64.ActiveCfg = Debug|x64
		{2E74FF54-F222-41F1-BB50-E02341A975BB}.Debug|x64.Build.0 = Debug|x64
		{2E74FF54-F222-41F1-BB50-E02341A975BB}.Debug|x86.ActiveCfg = Debug|Win32
		{2E74FF54-F222-41F1-BB50-E02341A975BB}.Debug|x86.Build.0 = Debug|Win32
		{2E74FF54-F222-41F1-BB50-E02341A975BB}.Release|x64.ActiveCfg = Release|x64
		{2E74FF54-F222-41F1-BB50-E02341A975BB}.Release|x64.Build.0 = Release|x64
		{2E74FF54-F222-41F1-BB50-E02341A975BB}.Release|x86.ActiveCfg = Release|Win32
		{2E74FF54-F222-41F1-BB50-E02341A975BB}.Release|x86.Build.0 = Release|Win32
	EndGlobalSection
	GlobalSection(SolutionProperties) = preSolution
		HideSolutionNode = FALSE
	EndGlobalSection
	GlobalSection(ExtensibilityGlobals) = postSolution
		SolutionGuid = {5C03DBCB-4788-456B-8BA7-ECE134A5A447}
	EndGlobalSection
EndGlobal
